// !$*UTF8*$!
{
	archiveVersion = 1;
	classes = {
	};
	objectVersion = 46;
	objects = {

/* Begin PBXBuildFile section */
		156FE6D1FB096EF2AADA1DB4 /* Pods_instalkgram.framework in Frameworks */ = {isa = PBXBuildFile; fileRef = 26F7CD5D9F38B5C92F889B7C /* Pods_instalkgram.framework */; };
		651003861D8175E300F3CFEC /* AfterLogin.storyboard in Resources */ = {isa = PBXBuildFile; fileRef = 651003851D8175E300F3CFEC /* AfterLogin.storyboard */; };
		6544066D1D825CF9006E636E /* PhotoViewController.swift in Sources */ = {isa = PBXBuildFile; fileRef = 6544066C1D825CF9006E636E /* PhotoViewController.swift */; };
		6544066F1D826D84006E636E /* ProfileViewController.swift in Sources */ = {isa = PBXBuildFile; fileRef = 6544066E1D826D84006E636E /* ProfileViewController.swift */; };
		657593731D87958A00221E6D /* Sections.xib in Resources */ = {isa = PBXBuildFile; fileRef = 657593721D87958A00221E6D /* Sections.xib */; };
		657593771D87963B00221E6D /* Sections.swift in Sources */ = {isa = PBXBuildFile; fileRef = 657593761D87963B00221E6D /* Sections.swift */; };
		65B6B65F1D81133400B844BC /* AppDelegate.swift in Sources */ = {isa = PBXBuildFile; fileRef = 65B6B65E1D81133400B844BC /* AppDelegate.swift */; };
		65B6B6611D81133400B844BC /* SignUpViewController.swift in Sources */ = {isa = PBXBuildFile; fileRef = 65B6B6601D81133400B844BC /* SignUpViewController.swift */; };
		65B6B6641D81133400B844BC /* Main.storyboard in Resources */ = {isa = PBXBuildFile; fileRef = 65B6B6621D81133400B844BC /* Main.storyboard */; };
		65B6B6661D81133400B844BC /* Assets.xcassets in Resources */ = {isa = PBXBuildFile; fileRef = 65B6B6651D81133400B844BC /* Assets.xcassets */; };
		65B6B6691D81133400B844BC /* LaunchScreen.storyboard in Resources */ = {isa = PBXBuildFile; fileRef = 65B6B6671D81133400B844BC /* LaunchScreen.storyboard */; };
		65B6B6711D8151C400B844BC /* GoogleService-Info.plist in Resources */ = {isa = PBXBuildFile; fileRef = 65B6B6701D8151C400B844BC /* GoogleService-Info.plist */; };
		65DB66581D86C5E800F07759 /* ProfileCollectionViewCell.swift in Sources */ = {isa = PBXBuildFile; fileRef = 65DB66571D86C5E800F07759 /* ProfileCollectionViewCell.swift */; };
		65E1174D1D8A330D00448361 /* OthersProfile.storyboard in Resources */ = {isa = PBXBuildFile; fileRef = 65E1174C1D8A330D00448361 /* OthersProfile.storyboard */; };
		65E1174F1D8A35BF00448361 /* Commend.storyboard in Resources */ = {isa = PBXBuildFile; fileRef = 65E1174E1D8A35BF00448361 /* Commend.storyboard */; };
		65E117511D8A3A2800448361 /* OthersProfileViewController.swift in Sources */ = {isa = PBXBuildFile; fileRef = 65E117501D8A3A2800448361 /* OthersProfileViewController.swift */; };
		65E117531D8A3A4B00448361 /* OthersProfileCollectionViewCell.swift in Sources */ = {isa = PBXBuildFile; fileRef = 65E117521D8A3A4B00448361 /* OthersProfileCollectionViewCell.swift */; };
		65E117551D8A3ACC00448361 /* HeaderCollectionReusableView.swift in Sources */ = {isa = PBXBuildFile; fileRef = 65E117541D8A3ACC00448361 /* HeaderCollectionReusableView.swift */; };
		65E117571D8A97FE00448361 /* ProfileHeaderCollectionReusableView.swift in Sources */ = {isa = PBXBuildFile; fileRef = 65E117561D8A97FE00448361 /* ProfileHeaderCollectionReusableView.swift */; };
		65ECA1901D82910B00178EB2 /* StorageService.swift in Sources */ = {isa = PBXBuildFile; fileRef = 65ECA18F1D82910B00178EB2 /* StorageService.swift */; };
		65ECA1921D829B8E00178EB2 /* HomeViewController.swift in Sources */ = {isa = PBXBuildFile; fileRef = 65ECA1911D829B8E00178EB2 /* HomeViewController.swift */; };
		65ECA1941D829BA800178EB2 /* FeedTableViewCell.swift in Sources */ = {isa = PBXBuildFile; fileRef = 65ECA1931D829BA800178EB2 /* FeedTableViewCell.swift */; };
		65ECA1961D82B54D00178EB2 /* Image.swift in Sources */ = {isa = PBXBuildFile; fileRef = 65ECA1951D82B54D00178EB2 /* Image.swift */; };
		F12305471D8A37F500BB61E7 /* CommentViewController.swift in Sources */ = {isa = PBXBuildFile; fileRef = F12305461D8A37F500BB61E7 /* CommentViewController.swift */; };
		F12305491D8A394F00BB61E7 /* CommentTableViewCell.swift in Sources */ = {isa = PBXBuildFile; fileRef = F12305481D8A394F00BB61E7 /* CommentTableViewCell.swift */; };
		F123054B1D8A3D3100BB61E7 /* UserComment.swift in Sources */ = {isa = PBXBuildFile; fileRef = F123054A1D8A3D3100BB61E7 /* UserComment.swift */; };
		F123FE851D81511700689D3F /* User.swift in Sources */ = {isa = PBXBuildFile; fileRef = F123FE841D81511700689D3F /* User.swift */; };
		F123FE871D8161B000689D3F /* DataService.swift in Sources */ = {isa = PBXBuildFile; fileRef = F123FE861D8161B000689D3F /* DataService.swift */; };
		F123FE891D81654800689D3F /* WelcomeViewController.swift in Sources */ = {isa = PBXBuildFile; fileRef = F123FE881D81654800689D3F /* WelcomeViewController.swift */; };
		F123FE8B1D816CC300689D3F /* LoginViewController.swift in Sources */ = {isa = PBXBuildFile; fileRef = F123FE8A1D816CC300689D3F /* LoginViewController.swift */; };
		F13B42A01D85B84000340A81 /* RelationshipStoryboard.storyboard in Resources */ = {isa = PBXBuildFile; fileRef = F13B429F1D85B84000340A81 /* RelationshipStoryboard.storyboard */; };
		F13B42A21D85B89C00340A81 /* RelationshipViewController.swift in Sources */ = {isa = PBXBuildFile; fileRef = F13B42A11D85B89C00340A81 /* RelationshipViewController.swift */; };
		F13B42A41D85BAC400340A81 /* RelationshipTableViewCell.swift in Sources */ = {isa = PBXBuildFile; fileRef = F13B42A31D85BAC400340A81 /* RelationshipTableViewCell.swift */; };
		F16B87301D866B5800749059 /* InstalkgramUser.swift in Sources */ = {isa = PBXBuildFile; fileRef = F16B872F1D866B5800749059 /* InstalkgramUser.swift */; };
		F1AB921E1D82482B00578D03 /* Instalkgram-Bridging-Header.m in Sources */ = {isa = PBXBuildFile; fileRef = F1AB921D1D82482B00578D03 /* Instalkgram-Bridging-Header.m */; };
/* End PBXBuildFile section */

/* Begin PBXFileReference section */
		03D44A46A8E5B76ED9BCBC66 /* Pods-instalkgram.release.xcconfig */ = {isa = PBXFileReference; includeInIndex = 1; lastKnownFileType = text.xcconfig; name = "Pods-instalkgram.release.xcconfig"; path = "Pods/Target Support Files/Pods-instalkgram/Pods-instalkgram.release.xcconfig"; sourceTree = "<group>"; };
		26F7CD5D9F38B5C92F889B7C /* Pods_instalkgram.framework */ = {isa = PBXFileReference; explicitFileType = wrapper.framework; includeInIndex = 0; path = Pods_instalkgram.framework; sourceTree = BUILT_PRODUCTS_DIR; };
		651003851D8175E300F3CFEC /* AfterLogin.storyboard */ = {isa = PBXFileReference; fileEncoding = 4; lastKnownFileType = file.storyboard; path = AfterLogin.storyboard; sourceTree = "<group>"; };
		6544066C1D825CF9006E636E /* PhotoViewController.swift */ = {isa = PBXFileReference; fileEncoding = 4; lastKnownFileType = sourcecode.swift; path = PhotoViewController.swift; sourceTree = "<group>"; };
		6544066E1D826D84006E636E /* ProfileViewController.swift */ = {isa = PBXFileReference; fileEncoding = 4; lastKnownFileType = sourcecode.swift; path = ProfileViewController.swift; sourceTree = "<group>"; };
		657593721D87958A00221E6D /* Sections.xib */ = {isa = PBXFileReference; fileEncoding = 4; lastKnownFileType = file.xib; path = Sections.xib; sourceTree = "<group>"; };
		657593761D87963B00221E6D /* Sections.swift */ = {isa = PBXFileReference; fileEncoding = 4; lastKnownFileType = sourcecode.swift; path = Sections.swift; sourceTree = "<group>"; };
		65B6B65B1D81133400B844BC /* instalkgram.app */ = {isa = PBXFileReference; explicitFileType = wrapper.application; includeInIndex = 0; path = instalkgram.app; sourceTree = BUILT_PRODUCTS_DIR; };
		65B6B65E1D81133400B844BC /* AppDelegate.swift */ = {isa = PBXFileReference; lastKnownFileType = sourcecode.swift; path = AppDelegate.swift; sourceTree = "<group>"; };
		65B6B6601D81133400B844BC /* SignUpViewController.swift */ = {isa = PBXFileReference; lastKnownFileType = sourcecode.swift; path = SignUpViewController.swift; sourceTree = "<group>"; };
		65B6B6631D81133400B844BC /* Base */ = {isa = PBXFileReference; lastKnownFileType = file.storyboard; name = Base; path = Base.lproj/Main.storyboard; sourceTree = "<group>"; };
		65B6B6651D81133400B844BC /* Assets.xcassets */ = {isa = PBXFileReference; lastKnownFileType = folder.assetcatalog; path = Assets.xcassets; sourceTree = "<group>"; };
		65B6B6681D81133400B844BC /* Base */ = {isa = PBXFileReference; lastKnownFileType = file.storyboard; name = Base; path = Base.lproj/LaunchScreen.storyboard; sourceTree = "<group>"; };
		65B6B66A1D81133400B844BC /* Info.plist */ = {isa = PBXFileReference; lastKnownFileType = text.plist.xml; path = Info.plist; sourceTree = "<group>"; };
		65B6B6701D8151C400B844BC /* GoogleService-Info.plist */ = {isa = PBXFileReference; fileEncoding = 4; lastKnownFileType = text.plist.xml; path = "GoogleService-Info.plist"; sourceTree = "<group>"; };
		65DB66571D86C5E800F07759 /* ProfileCollectionViewCell.swift */ = {isa = PBXFileReference; fileEncoding = 4; lastKnownFileType = sourcecode.swift; path = ProfileCollectionViewCell.swift; sourceTree = "<group>"; };
		65E1174C1D8A330D00448361 /* OthersProfile.storyboard */ = {isa = PBXFileReference; fileEncoding = 4; lastKnownFileType = file.storyboard; path = OthersProfile.storyboard; sourceTree = "<group>"; };
		65E1174E1D8A35BF00448361 /* Commend.storyboard */ = {isa = PBXFileReference; fileEncoding = 4; lastKnownFileType = file.storyboard; path = Commend.storyboard; sourceTree = "<group>"; };
		65E117501D8A3A2800448361 /* OthersProfileViewController.swift */ = {isa = PBXFileReference; fileEncoding = 4; lastKnownFileType = sourcecode.swift; path = OthersProfileViewController.swift; sourceTree = "<group>"; };
		65E117521D8A3A4B00448361 /* OthersProfileCollectionViewCell.swift */ = {isa = PBXFileReference; fileEncoding = 4; lastKnownFileType = sourcecode.swift; path = OthersProfileCollectionViewCell.swift; sourceTree = "<group>"; };
		65E117541D8A3ACC00448361 /* HeaderCollectionReusableView.swift */ = {isa = PBXFileReference; fileEncoding = 4; lastKnownFileType = sourcecode.swift; path = HeaderCollectionReusableView.swift; sourceTree = "<group>"; };
		65E117561D8A97FE00448361 /* ProfileHeaderCollectionReusableView.swift */ = {isa = PBXFileReference; fileEncoding = 4; lastKnownFileType = sourcecode.swift; path = ProfileHeaderCollectionReusableView.swift; sourceTree = "<group>"; };
		65ECA18F1D82910B00178EB2 /* StorageService.swift */ = {isa = PBXFileReference; fileEncoding = 4; lastKnownFileType = sourcecode.swift; path = StorageService.swift; sourceTree = "<group>"; };
		65ECA1911D829B8E00178EB2 /* HomeViewController.swift */ = {isa = PBXFileReference; fileEncoding = 4; lastKnownFileType = sourcecode.swift; path = HomeViewController.swift; sourceTree = "<group>"; };
		65ECA1931D829BA800178EB2 /* FeedTableViewCell.swift */ = {isa = PBXFileReference; fileEncoding = 4; lastKnownFileType = sourcecode.swift; path = FeedTableViewCell.swift; sourceTree = "<group>"; };
		65ECA1951D82B54D00178EB2 /* Image.swift */ = {isa = PBXFileReference; fileEncoding = 4; lastKnownFileType = sourcecode.swift; path = Image.swift; sourceTree = "<group>"; };
		AD0CBDE294D58A0A0D0318C3 /* Pods-instalkgram.debug.xcconfig */ = {isa = PBXFileReference; includeInIndex = 1; lastKnownFileType = text.xcconfig; name = "Pods-instalkgram.debug.xcconfig"; path = "Pods/Target Support Files/Pods-instalkgram/Pods-instalkgram.debug.xcconfig"; sourceTree = "<group>"; };
		F12305461D8A37F500BB61E7 /* CommentViewController.swift */ = {isa = PBXFileReference; fileEncoding = 4; lastKnownFileType = sourcecode.swift; path = CommentViewController.swift; sourceTree = "<group>"; };
		F12305481D8A394F00BB61E7 /* CommentTableViewCell.swift */ = {isa = PBXFileReference; fileEncoding = 4; lastKnownFileType = sourcecode.swift; path = CommentTableViewCell.swift; sourceTree = "<group>"; };
		F123054A1D8A3D3100BB61E7 /* UserComment.swift */ = {isa = PBXFileReference; fileEncoding = 4; lastKnownFileType = sourcecode.swift; path = UserComment.swift; sourceTree = "<group>"; };
		F123FE841D81511700689D3F /* User.swift */ = {isa = PBXFileReference; fileEncoding = 4; lastKnownFileType = sourcecode.swift; path = User.swift; sourceTree = "<group>"; };
		F123FE861D8161B000689D3F /* DataService.swift */ = {isa = PBXFileReference; fileEncoding = 4; lastKnownFileType = sourcecode.swift; path = DataService.swift; sourceTree = "<group>"; };
		F123FE881D81654800689D3F /* WelcomeViewController.swift */ = {isa = PBXFileReference; fileEncoding = 4; lastKnownFileType = sourcecode.swift; path = WelcomeViewController.swift; sourceTree = "<group>"; };
		F123FE8A1D816CC300689D3F /* LoginViewController.swift */ = {isa = PBXFileReference; fileEncoding = 4; lastKnownFileType = sourcecode.swift; path = LoginViewController.swift; sourceTree = "<group>"; };
		F13B429F1D85B84000340A81 /* RelationshipStoryboard.storyboard */ = {isa = PBXFileReference; fileEncoding = 4; lastKnownFileType = file.storyboard; path = RelationshipStoryboard.storyboard; sourceTree = "<group>"; };
		F13B42A11D85B89C00340A81 /* RelationshipViewController.swift */ = {isa = PBXFileReference; fileEncoding = 4; lastKnownFileType = sourcecode.swift; path = RelationshipViewController.swift; sourceTree = "<group>"; };
		F13B42A31D85BAC400340A81 /* RelationshipTableViewCell.swift */ = {isa = PBXFileReference; fileEncoding = 4; lastKnownFileType = sourcecode.swift; path = RelationshipTableViewCell.swift; sourceTree = "<group>"; };
		F16B872F1D866B5800749059 /* InstalkgramUser.swift */ = {isa = PBXFileReference; fileEncoding = 4; lastKnownFileType = sourcecode.swift; path = InstalkgramUser.swift; sourceTree = "<group>"; };
		F1AB921C1D82482A00578D03 /* instalkgram-Bridging-Header.h */ = {isa = PBXFileReference; lastKnownFileType = sourcecode.c.h; path = "instalkgram-Bridging-Header.h"; sourceTree = "<group>"; };
		F1AB921D1D82482B00578D03 /* Instalkgram-Bridging-Header.m */ = {isa = PBXFileReference; fileEncoding = 4; lastKnownFileType = sourcecode.c.objc; path = "Instalkgram-Bridging-Header.m"; sourceTree = "<group>"; };
/* End PBXFileReference section */

/* Begin PBXFrameworksBuildPhase section */
		65B6B6581D81133400B844BC /* Frameworks */ = {
			isa = PBXFrameworksBuildPhase;
			buildActionMask = 2147483647;
			files = (
				156FE6D1FB096EF2AADA1DB4 /* Pods_instalkgram.framework in Frameworks */,
			);
			runOnlyForDeploymentPostprocessing = 0;
		};
/* End PBXFrameworksBuildPhase section */

/* Begin PBXGroup section */
		65B6B6521D81133400B844BC = {
			isa = PBXGroup;
			children = (
				65B6B65D1D81133400B844BC /* instalkgram */,
				65B6B65C1D81133400B844BC /* Products */,
				8C9A33071F4FDA9C3C056862 /* Pods */,
				92B84F6B154E869AC5319CFC /* Frameworks */,
			);
			sourceTree = "<group>";
		};
		65B6B65C1D81133400B844BC /* Products */ = {
			isa = PBXGroup;
			children = (
				65B6B65B1D81133400B844BC /* instalkgram.app */,
			);
			name = Products;
			sourceTree = "<group>";
		};
		65B6B65D1D81133400B844BC /* instalkgram */ = {
			isa = PBXGroup;
			children = (
				F123FE861D8161B000689D3F /* DataService.swift */,
				65ECA18F1D82910B00178EB2 /* StorageService.swift */,
				F16B872F1D866B5800749059 /* InstalkgramUser.swift */,
				F123FE841D81511700689D3F /* User.swift */,
				65ECA1951D82B54D00178EB2 /* Image.swift */,
				F123054A1D8A3D3100BB61E7 /* UserComment.swift */,
				65B6B6621D81133400B844BC /* Main.storyboard */,
				65E1174C1D8A330D00448361 /* OthersProfile.storyboard */,
				65E117501D8A3A2800448361 /* OthersProfileViewController.swift */,
				65E117521D8A3A4B00448361 /* OthersProfileCollectionViewCell.swift */,
				65E117541D8A3ACC00448361 /* HeaderCollectionReusableView.swift */,
				65E1174E1D8A35BF00448361 /* Commend.storyboard */,
				F12305461D8A37F500BB61E7 /* CommentViewController.swift */,
				F12305481D8A394F00BB61E7 /* CommentTableViewCell.swift */,
				65B6B65E1D81133400B844BC /* AppDelegate.swift */,
				65B6B6601D81133400B844BC /* SignUpViewController.swift */,
				F123FE8A1D816CC300689D3F /* LoginViewController.swift */,
				F123FE881D81654800689D3F /* WelcomeViewController.swift */,
				6544066C1D825CF9006E636E /* PhotoViewController.swift */,
				6544066E1D826D84006E636E /* ProfileViewController.swift */,
				65E117561D8A97FE00448361 /* ProfileHeaderCollectionReusableView.swift */,
				65ECA1911D829B8E00178EB2 /* HomeViewController.swift */,
				657593721D87958A00221E6D /* Sections.xib */,
				657593761D87963B00221E6D /* Sections.swift */,
				65ECA1931D829BA800178EB2 /* FeedTableViewCell.swift */,
				65DB66571D86C5E800F07759 /* ProfileCollectionViewCell.swift */,
				65B6B6651D81133400B844BC /* Assets.xcassets */,
				65B6B6671D81133400B844BC /* LaunchScreen.storyboard */,
				651003851D8175E300F3CFEC /* AfterLogin.storyboard */,
				F13B42A31D85BAC400340A81 /* RelationshipTableViewCell.swift */,
				F13B42A11D85B89C00340A81 /* RelationshipViewController.swift */,
				F13B429F1D85B84000340A81 /* RelationshipStoryboard.storyboard */,
				65B6B6701D8151C400B844BC /* GoogleService-Info.plist */,
				65B6B66A1D81133400B844BC /* Info.plist */,
				F1AB921D1D82482B00578D03 /* Instalkgram-Bridging-Header.m */,
				F1AB921C1D82482A00578D03 /* instalkgram-Bridging-Header.h */,
			);
			path = instalkgram;
			sourceTree = "<group>";
		};
		8C9A33071F4FDA9C3C056862 /* Pods */ = {
			isa = PBXGroup;
			children = (
				AD0CBDE294D58A0A0D0318C3 /* Pods-instalkgram.debug.xcconfig */,
				03D44A46A8E5B76ED9BCBC66 /* Pods-instalkgram.release.xcconfig */,
			);
			name = Pods;
			sourceTree = "<group>";
		};
		92B84F6B154E869AC5319CFC /* Frameworks */ = {
			isa = PBXGroup;
			children = (
				26F7CD5D9F38B5C92F889B7C /* Pods_instalkgram.framework */,
			);
			name = Frameworks;
			sourceTree = "<group>";
		};
/* End PBXGroup section */

/* Begin PBXNativeTarget section */
		65B6B65A1D81133400B844BC /* instalkgram */ = {
			isa = PBXNativeTarget;
			buildConfigurationList = 65B6B66D1D81133400B844BC /* Build configuration list for PBXNativeTarget "instalkgram" */;
			buildPhases = (
				50EA619B5EF1129182467B18 /* [CP] Check Pods Manifest.lock */,
				65B6B6571D81133400B844BC /* Sources */,
				65B6B6581D81133400B844BC /* Frameworks */,
				65B6B6591D81133400B844BC /* Resources */,
				4CB76524B13587565835F64B /* [CP] Embed Pods Frameworks */,
				F0B9738F407415EF76BA863D /* [CP] Copy Pods Resources */,
			);
			buildRules = (
			);
			dependencies = (
			);
			name = instalkgram;
			productName = instalkgram;
			productReference = 65B6B65B1D81133400B844BC /* instalkgram.app */;
			productType = "com.apple.product-type.application";
		};
/* End PBXNativeTarget section */

/* Begin PBXProject section */
		65B6B6531D81133400B844BC /* Project object */ = {
			isa = PBXProject;
			attributes = {
				LastSwiftUpdateCheck = 0730;
				LastUpgradeCheck = 0730;
				ORGANIZATIONNAME = EndeJeje;
				TargetAttributes = {
					65B6B65A1D81133400B844BC = {
						CreatedOnToolsVersion = 7.3.1;
						DevelopmentTeam = 3S84D6AKYX;
					};
				};
			};
			buildConfigurationList = 65B6B6561D81133400B844BC /* Build configuration list for PBXProject "instalkgram" */;
			compatibilityVersion = "Xcode 3.2";
			developmentRegion = English;
			hasScannedForEncodings = 0;
			knownRegions = (
				en,
				Base,
			);
			mainGroup = 65B6B6521D81133400B844BC;
			productRefGroup = 65B6B65C1D81133400B844BC /* Products */;
			projectDirPath = "";
			projectRoot = "";
			targets = (
				65B6B65A1D81133400B844BC /* instalkgram */,
			);
		};
/* End PBXProject section */

/* Begin PBXResourcesBuildPhase section */
		65B6B6591D81133400B844BC /* Resources */ = {
			isa = PBXResourcesBuildPhase;
			buildActionMask = 2147483647;
			files = (
				651003861D8175E300F3CFEC /* AfterLogin.storyboard in Resources */,
				65B6B6691D81133400B844BC /* LaunchScreen.storyboard in Resources */,
				65B6B6661D81133400B844BC /* Assets.xcassets in Resources */,
				657593731D87958A00221E6D /* Sections.xib in Resources */,
				F13B42A01D85B84000340A81 /* RelationshipStoryboard.storyboard in Resources */,
				65E1174D1D8A330D00448361 /* OthersProfile.storyboard in Resources */,
				65B6B6641D81133400B844BC /* Main.storyboard in Resources */,
				65E1174F1D8A35BF00448361 /* Commend.storyboard in Resources */,
				65B6B6711D8151C400B844BC /* GoogleService-Info.plist in Resources */,
			);
			runOnlyForDeploymentPostprocessing = 0;
		};
/* End PBXResourcesBuildPhase section */

/* Begin PBXShellScriptBuildPhase section */
		4CB76524B13587565835F64B /* [CP] Embed Pods Frameworks */ = {
			isa = PBXShellScriptBuildPhase;
			buildActionMask = 2147483647;
			files = (
			);
			inputPaths = (
			);
			name = "[CP] Embed Pods Frameworks";
			outputPaths = (
			);
			runOnlyForDeploymentPostprocessing = 0;
			shellPath = /bin/sh;
			shellScript = "\"${SRCROOT}/Pods/Target Support Files/Pods-instalkgram/Pods-instalkgram-frameworks.sh\"\n";
			showEnvVarsInLog = 0;
		};
		50EA619B5EF1129182467B18 /* [CP] Check Pods Manifest.lock */ = {
			isa = PBXShellScriptBuildPhase;
			buildActionMask = 2147483647;
			files = (
			);
			inputPaths = (
			);
			name = "[CP] Check Pods Manifest.lock";
			outputPaths = (
			);
			runOnlyForDeploymentPostprocessing = 0;
			shellPath = /bin/sh;
			shellScript = "diff \"${PODS_ROOT}/../Podfile.lock\" \"${PODS_ROOT}/Manifest.lock\" > /dev/null\nif [[ $? != 0 ]] ; then\n    cat << EOM\nerror: The sandbox is not in sync with the Podfile.lock. Run 'pod install' or update your CocoaPods installation.\nEOM\n    exit 1\nfi\n";
			showEnvVarsInLog = 0;
		};
		F0B9738F407415EF76BA863D /* [CP] Copy Pods Resources */ = {
			isa = PBXShellScriptBuildPhase;
			buildActionMask = 2147483647;
			files = (
			);
			inputPaths = (
			);
			name = "[CP] Copy Pods Resources";
			outputPaths = (
			);
			runOnlyForDeploymentPostprocessing = 0;
			shellPath = /bin/sh;
			shellScript = "\"${SRCROOT}/Pods/Target Support Files/Pods-instalkgram/Pods-instalkgram-resources.sh\"\n";
			showEnvVarsInLog = 0;
		};
/* End PBXShellScriptBuildPhase section */

/* Begin PBXSourcesBuildPhase section */
		65B6B6571D81133400B844BC /* Sources */ = {
			isa = PBXSourcesBuildPhase;
			buildActionMask = 2147483647;
			files = (
				F123FE8B1D816CC300689D3F /* LoginViewController.swift in Sources */,
				F13B42A41D85BAC400340A81 /* RelationshipTableViewCell.swift in Sources */,
				65ECA1941D829BA800178EB2 /* FeedTableViewCell.swift in Sources */,
				F1AB921E1D82482B00578D03 /* Instalkgram-Bridging-Header.m in Sources */,
				F123FE891D81654800689D3F /* WelcomeViewController.swift in Sources */,
				657593771D87963B00221E6D /* Sections.swift in Sources */,
				65E117571D8A97FE00448361 /* ProfileHeaderCollectionReusableView.swift in Sources */,
				65B6B6611D81133400B844BC /* SignUpViewController.swift in Sources */,

				F12305491D8A394F00BB61E7 /* CommentTableViewCell.swift in Sources */,

				65E117551D8A3ACC00448361 /* HeaderCollectionReusableView.swift in Sources */,

				65B6B65F1D81133400B844BC /* AppDelegate.swift in Sources */,
				F13B42A21D85B89C00340A81 /* RelationshipViewController.swift in Sources */,
				65ECA1961D82B54D00178EB2 /* Image.swift in Sources */,
				65ECA1901D82910B00178EB2 /* StorageService.swift in Sources */,
				F123054B1D8A3D3100BB61E7 /* UserComment.swift in Sources */,
				6544066D1D825CF9006E636E /* PhotoViewController.swift in Sources */,
				65ECA1921D829B8E00178EB2 /* HomeViewController.swift in Sources */,
				65DB66581D86C5E800F07759 /* ProfileCollectionViewCell.swift in Sources */,
				F16B87301D866B5800749059 /* InstalkgramUser.swift in Sources */,
				6544066F1D826D84006E636E /* ProfileViewController.swift in Sources */,
				65E117511D8A3A2800448361 /* OthersProfileViewController.swift in Sources */,
				65E117531D8A3A4B00448361 /* OthersProfileCollectionViewCell.swift in Sources */,
				F123FE851D81511700689D3F /* User.swift in Sources */,
				F123FE871D8161B000689D3F /* DataService.swift in Sources */,
				F12305471D8A37F500BB61E7 /* CommentViewController.swift in Sources */,
			);
			runOnlyForDeploymentPostprocessing = 0;
		};
/* End PBXSourcesBuildPhase section */

/* Begin PBXVariantGroup section */
		65B6B6621D81133400B844BC /* Main.storyboard */ = {
			isa = PBXVariantGroup;
			children = (
				65B6B6631D81133400B844BC /* Base */,
			);
			name = Main.storyboard;
			sourceTree = "<group>";
		};
		65B6B6671D81133400B844BC /* LaunchScreen.storyboard */ = {
			isa = PBXVariantGroup;
			children = (
				65B6B6681D81133400B844BC /* Base */,
			);
			name = LaunchScreen.storyboard;
			sourceTree = "<group>";
		};
/* End PBXVariantGroup section */

/* Begin XCBuildConfiguration section */
		65B6B66B1D81133400B844BC /* Debug */ = {
			isa = XCBuildConfiguration;
			buildSettings = {
				ALWAYS_SEARCH_USER_PATHS = NO;
				CLANG_ANALYZER_NONNULL = YES;
				CLANG_CXX_LANGUAGE_STANDARD = "gnu++0x";
				CLANG_CXX_LIBRARY = "libc++";
				CLANG_ENABLE_MODULES = YES;
				CLANG_ENABLE_OBJC_ARC = YES;
				CLANG_WARN_BOOL_CONVERSION = YES;
				CLANG_WARN_CONSTANT_CONVERSION = YES;
				CLANG_WARN_DIRECT_OBJC_ISA_USAGE = YES_ERROR;
				CLANG_WARN_EMPTY_BODY = YES;
				CLANG_WARN_ENUM_CONVERSION = YES;
				CLANG_WARN_INT_CONVERSION = YES;
				CLANG_WARN_OBJC_ROOT_CLASS = YES_ERROR;
				CLANG_WARN_UNREACHABLE_CODE = YES;
				CLANG_WARN__DUPLICATE_METHOD_MATCH = YES;
				"CODE_SIGN_IDENTITY[sdk=iphoneos*]" = "iPhone Developer";
				COPY_PHASE_STRIP = NO;
				DEBUG_INFORMATION_FORMAT = dwarf;
				ENABLE_STRICT_OBJC_MSGSEND = YES;
				ENABLE_TESTABILITY = YES;
				GCC_C_LANGUAGE_STANDARD = gnu99;
				GCC_DYNAMIC_NO_PIC = NO;
				GCC_NO_COMMON_BLOCKS = YES;
				GCC_OPTIMIZATION_LEVEL = 0;
				GCC_PREPROCESSOR_DEFINITIONS = (
					"DEBUG=1",
					"$(inherited)",
				);
				GCC_WARN_64_TO_32_BIT_CONVERSION = YES;
				GCC_WARN_ABOUT_RETURN_TYPE = YES_ERROR;
				GCC_WARN_UNDECLARED_SELECTOR = YES;
				GCC_WARN_UNINITIALIZED_AUTOS = YES_AGGRESSIVE;
				GCC_WARN_UNUSED_FUNCTION = YES;
				GCC_WARN_UNUSED_VARIABLE = YES;
				IPHONEOS_DEPLOYMENT_TARGET = 9.3;
				MTL_ENABLE_DEBUG_INFO = YES;
				ONLY_ACTIVE_ARCH = YES;
				SDKROOT = iphoneos;
				SWIFT_OPTIMIZATION_LEVEL = "-Onone";
				TARGETED_DEVICE_FAMILY = "1,2";
			};
			name = Debug;
		};
		65B6B66C1D81133400B844BC /* Release */ = {
			isa = XCBuildConfiguration;
			buildSettings = {
				ALWAYS_SEARCH_USER_PATHS = NO;
				CLANG_ANALYZER_NONNULL = YES;
				CLANG_CXX_LANGUAGE_STANDARD = "gnu++0x";
				CLANG_CXX_LIBRARY = "libc++";
				CLANG_ENABLE_MODULES = YES;
				CLANG_ENABLE_OBJC_ARC = YES;
				CLANG_WARN_BOOL_CONVERSION = YES;
				CLANG_WARN_CONSTANT_CONVERSION = YES;
				CLANG_WARN_DIRECT_OBJC_ISA_USAGE = YES_ERROR;
				CLANG_WARN_EMPTY_BODY = YES;
				CLANG_WARN_ENUM_CONVERSION = YES;
				CLANG_WARN_INT_CONVERSION = YES;
				CLANG_WARN_OBJC_ROOT_CLASS = YES_ERROR;
				CLANG_WARN_UNREACHABLE_CODE = YES;
				CLANG_WARN__DUPLICATE_METHOD_MATCH = YES;
				"CODE_SIGN_IDENTITY[sdk=iphoneos*]" = "iPhone Developer";
				COPY_PHASE_STRIP = NO;
				DEBUG_INFORMATION_FORMAT = "dwarf-with-dsym";
				ENABLE_NS_ASSERTIONS = NO;
				ENABLE_STRICT_OBJC_MSGSEND = YES;
				GCC_C_LANGUAGE_STANDARD = gnu99;
				GCC_NO_COMMON_BLOCKS = YES;
				GCC_WARN_64_TO_32_BIT_CONVERSION = YES;
				GCC_WARN_ABOUT_RETURN_TYPE = YES_ERROR;
				GCC_WARN_UNDECLARED_SELECTOR = YES;
				GCC_WARN_UNINITIALIZED_AUTOS = YES_AGGRESSIVE;
				GCC_WARN_UNUSED_FUNCTION = YES;
				GCC_WARN_UNUSED_VARIABLE = YES;
				IPHONEOS_DEPLOYMENT_TARGET = 9.3;
				MTL_ENABLE_DEBUG_INFO = NO;
				SDKROOT = iphoneos;
				TARGETED_DEVICE_FAMILY = "1,2";
				VALIDATE_PRODUCT = YES;
			};
			name = Release;
		};
		65B6B66E1D81133400B844BC /* Debug */ = {
			isa = XCBuildConfiguration;
			baseConfigurationReference = AD0CBDE294D58A0A0D0318C3 /* Pods-instalkgram.debug.xcconfig */;
			buildSettings = {
				ASSETCATALOG_COMPILER_APPICON_NAME = AppIcon;
				CLANG_ENABLE_MODULES = YES;
				CODE_SIGN_IDENTITY = "iPhone Developer";
				"CODE_SIGN_IDENTITY[sdk=iphoneos*]" = "iPhone Developer";
				INFOPLIST_FILE = instalkgram/Info.plist;
				LD_RUNPATH_SEARCH_PATHS = "$(inherited) @executable_path/Frameworks";
				PRODUCT_BUNDLE_IDENTIFIER = com.endejeje.instalkgram;
				PRODUCT_NAME = "$(TARGET_NAME)";
				PROVISIONING_PROFILE = "";
				SWIFT_OBJC_BRIDGING_HEADER = "instalkgram/instalkgram-Bridging-Header.h";
				SWIFT_OPTIMIZATION_LEVEL = "-Onone";
			};
			name = Debug;
		};
		65B6B66F1D81133400B844BC /* Release */ = {
			isa = XCBuildConfiguration;
			baseConfigurationReference = 03D44A46A8E5B76ED9BCBC66 /* Pods-instalkgram.release.xcconfig */;
			buildSettings = {
				ASSETCATALOG_COMPILER_APPICON_NAME = AppIcon;
				CLANG_ENABLE_MODULES = YES;
				CODE_SIGN_IDENTITY = "iPhone Developer";
				"CODE_SIGN_IDENTITY[sdk=iphoneos*]" = "iPhone Developer";
				INFOPLIST_FILE = instalkgram/Info.plist;
				LD_RUNPATH_SEARCH_PATHS = "$(inherited) @executable_path/Frameworks";
				PRODUCT_BUNDLE_IDENTIFIER = com.endejeje.instalkgram;
				PRODUCT_NAME = "$(TARGET_NAME)";
				PROVISIONING_PROFILE = "";
				SWIFT_OBJC_BRIDGING_HEADER = "instalkgram/instalkgram-Bridging-Header.h";
			};
			name = Release;
		};
/* End XCBuildConfiguration section */

/* Begin XCConfigurationList section */
		65B6B6561D81133400B844BC /* Build configuration list for PBXProject "instalkgram" */ = {
			isa = XCConfigurationList;
			buildConfigurations = (
				65B6B66B1D81133400B844BC /* Debug */,
				65B6B66C1D81133400B844BC /* Release */,
			);
			defaultConfigurationIsVisible = 0;
			defaultConfigurationName = Release;
		};
		65B6B66D1D81133400B844BC /* Build configuration list for PBXNativeTarget "instalkgram" */ = {
			isa = XCConfigurationList;
			buildConfigurations = (
				65B6B66E1D81133400B844BC /* Debug */,
				65B6B66F1D81133400B844BC /* Release */,
			);
			defaultConfigurationIsVisible = 0;
			defaultConfigurationName = Release;
		};
/* End XCConfigurationList section */
	};
	rootObject = 65B6B6531D81133400B844BC /* Project object */;
}
